
Microsoft Visual Studio Solution File, Format Version 12.00
# Visual Studio Version 16
VisualStudioVersion = 16.0.30225.117
MinimumVisualStudioVersion = 10.0.40219.1
Project("{FAE04EC0-301F-11D3-BF4B-00C04F79EFBC}") = "NetCoreWebAppWithKeyVault", "NetCoreWebAppWithKeyVault\NetCoreWebAppWithKeyVault.csproj", "{9B9FC4EA-8283-4F53-9507-18FF985ECE8A}"
EndProject
Global
	GlobalSection(SolutionConfigurationPlatforms) = preSolution
		Debug|Any CPU = Debug|Any CPU
		Release|Any CPU = Release|Any CPU
	EndGlobalSection
	GlobalSection(ProjectConfigurationPlatforms) = postSolution
		{9B9FC4EA-8283-4F53-9507-18FF985ECE8A}.Debug|Any CPU.ActiveCfg = Debug|Any CPU
		{9B9FC4EA-8283-4F53-9507-18FF985ECE8A}.Debug|Any CPU.Build.0 = Debug|Any CPU
		{9B9FC4EA-8283-4F53-9507-18FF985ECE8A}.Release|Any CPU.ActiveCfg = Release|Any CPU
		{9B9FC4EA-8283-4F53-9507-18FF985ECE8A}.Release|Any CPU.Build.0 = Release|Any CPU
	EndGlobalSection
	GlobalSection(SolutionProperties) = preSolution
		HideSolutionNode = FALSE
	EndGlobalSection
	GlobalSection(ExtensibilityGlobals) = postSolution
		SolutionGuid = {3BC4310B-153B-4BF9-9ADF-302DF858C0D8}
	EndGlobalSection
EndGlobal
